
Microsoft Visual Studio Solution File, Format Version 12.00
# Visual Studio 15
VisualStudioVersion = 15.0.28307.271
MinimumVisualStudioVersion = 10.0.40219.1
Project("{FAE04EC0-301F-11D3-BF4B-00C04F79EFBC}") = "ShapeArea", "ShapeArea\ShapeArea.csproj", "{EA80DC84-B97E-4651-9FCD-69F2016DBC69}"
EndProject
Global
	GlobalSection(SolutionConfigurationPlatforms) = preSolution
		Debug|Any CPU = Debug|Any CPU
		Release|Any CPU = Release|Any CPU
	EndGlobalSection
	GlobalSection(ProjectConfigurationPlatforms) = postSolution
		{EA80DC84-B97E-4651-9FCD-69F2016DBC69}.Debug|Any CPU.ActiveCfg = Debug|Any CPU
		{EA80DC84-B97E-4651-9FCD-69F2016DBC69}.Debug|Any CPU.Build.0 = Debug|Any CPU
		{EA80DC84-B97E-4651-9FCD-69F2016DBC69}.Release|Any CPU.ActiveCfg = Release|Any CPU
		{EA80DC84-B97E-4651-9FCD-69F2016DBC69}.Release|Any CPU.Build.0 = Release|Any CPU
	EndGlobalSection
	GlobalSection(SolutionProperties) = preSolution
		HideSolutionNode = FALSE
	EndGlobalSection
	GlobalSection(ExtensibilityGlobals) = postSolution
		SolutionGuid = {14542074-63F8-4459-90CD-9C2EA425427F}
	EndGlobalSection
EndGlobal
