
Microsoft Visual Studio Solution File, Format Version 12.00
# Visual Studio 15
VisualStudioVersion = 15.0.28307.271
MinimumVisualStudioVersion = 10.0.40219.1
Project("{FAE04EC0-301F-11D3-BF4B-00C04F79EFBC}") = "Make Array Consecutive 2", "Make Array Consecutive 2\Make Array Consecutive 2.csproj", "{1C7DF435-FF49-45AE-B85B-2BC16496D779}"
EndProject
Global
	GlobalSection(SolutionConfigurationPlatforms) = preSolution
		Debug|Any CPU = Debug|Any CPU
		Release|Any CPU = Release|Any CPU
	EndGlobalSection
	GlobalSection(ProjectConfigurationPlatforms) = postSolution
		{1C7DF435-FF49-45AE-B85B-2BC16496D779}.Debug|Any CPU.ActiveCfg = Debug|Any CPU
		{1C7DF435-FF49-45AE-B85B-2BC16496D779}.Debug|Any CPU.Build.0 = Debug|Any CPU
		{1C7DF435-FF49-45AE-B85B-2BC16496D779}.Release|Any CPU.ActiveCfg = Release|Any CPU
		{1C7DF435-FF49-45AE-B85B-2BC16496D779}.Release|Any CPU.Build.0 = Release|Any CPU
	EndGlobalSection
	GlobalSection(SolutionProperties) = preSolution
		HideSolutionNode = FALSE
	EndGlobalSection
	GlobalSection(ExtensibilityGlobals) = postSolution
		SolutionGuid = {0ECBC4E2-D05B-4A74-AA79-6F4CEE472BE7}
	EndGlobalSection
EndGlobal
